<Solution>
  <Project Path="Api.Consumer/Api.Consumer.csproj" Id="6d933df7-09e4-4fb9-b12e-03cee7bbfeeb" />
  <Project Path="MiAPI.UTN.001/MiAPI.UTN.001.csproj" />
  <Project Path="MiApp.UTN.Modelos/MiApp.UTN.Modelos.csproj" Id="e6945e2b-bafe-42fa-a20d-25f8848c783b" />
  <Project Path="MIAppp.Test/MIAppp.Test.csproj" Id="c903272e-57ef-4ec8-b74f-cf40429f1c15" />
</Solution>
